
Microsoft Visual Studio Solution File, Format Version 12.00
# Visual Studio Version 17
VisualStudioVersion = 17.9.34728.123
MinimumVisualStudioVersion = 10.0.40219.1
Project("{FAE04EC0-301F-11D3-BF4B-00C04F79EFBC}") = "MarketWatch", "MarketWatch.csproj", "{9E28A247-5C72-4C30-A7AA-4F31B6C671B7}"
EndProject
Global
	GlobalSection(SolutionConfigurationPlatforms) = preSolution
		Debug|Any CPU = Debug|Any CPU
		Release|Any CPU = Release|Any CPU
	EndGlobalSection
	GlobalSection(ProjectConfigurationPlatforms) = postSolution
		{9E28A247-5C72-4C30-A7AA-4F31B6C671B7}.Debug|Any CPU.ActiveCfg = Debug|Any CPU
		{9E28A247-5C72-4C30-A7AA-4F31B6C671B7}.Debug|Any CPU.Build.0 = Debug|Any CPU
		{9E28A247-5C72-4C30-A7AA-4F31B6C671B7}.Release|Any CPU.ActiveCfg = Release|Any CPU
		{9E28A247-5C72-4C30-A7AA-4F31B6C671B7}.Release|Any CPU.Build.0 = Release|Any CPU
	EndGlobalSection
	GlobalSection(SolutionProperties) = preSolution
		HideSolutionNode = FALSE
	EndGlobalSection
	GlobalSection(ExtensibilityGlobals) = postSolution
		SolutionGuid = {EEBB3179-E3DD-48F5-A037-EF43CCD7DF1B}
	EndGlobalSection
EndGlobal
